Microsoft Visual Studio Solution File, Format Version 12.00
# Visual Studio Version 17
VisualStudioVersion = 17.5.2.0
MinimumVisualStudioVersion = 10.0.40219.1
Project("{FAE04EC0-301F-11D3-BF4B-00C04F79EFBC}") = "ClockApp", "task12.1\ClockApp.csproj", "{332B768D-7055-9F3F-621A-18C1834E21BF}"
EndProject
Global
	GlobalSection(SolutionConfigurationPlatforms) = preSolution
		Debug|Any CPU = Debug|Any CPU
		Release|Any CPU = Release|Any CPU
	EndGlobalSection
	GlobalSection(ProjectConfigurationPlatforms) = postSolution
		{332B768D-7055-9F3F-621A-18C1834E21BF}.Debug|Any CPU.ActiveCfg = Debug|Any CPU
		{332B768D-7055-9F3F-621A-18C1834E21BF}.Debug|Any CPU.Build.0 = Debug|Any CPU
		{332B768D-7055-9F3F-621A-18C1834E21BF}.Release|Any CPU.ActiveCfg = Release|Any CPU
		{332B768D-7055-9F3F-621A-18C1834E21BF}.Release|Any CPU.Build.0 = Release|Any CPU
	EndGlobalSection
	GlobalSection(SolutionProperties) = preSolution
		HideSolutionNode = FALSE
	EndGlobalSection
	GlobalSection(ExtensibilityGlobals) = postSolution
		SolutionGuid = {4CBD27F3-E6FA-4A06-B8EB-2492180ED545}
	EndGlobalSection
EndGlobal
