
Microsoft Visual Studio Solution File, Format Version 12.00
# Visual Studio Version 17
VisualStudioVersion = 17.0.31903.59
MinimumVisualStudioVersion = 10.0.40219.1
Project("{FAE04EC0-301F-11D3-BF4B-00C04F79EFBC}") = "SwinAdventure", "SwinAdventure\SwinAdventure.csproj", "{C9E270F0-0FEB-4588-90F0-1C894E7F2EB1}"
EndProject
Project("{FAE04EC0-301F-11D3-BF4B-00C04F79EFBC}") = "SwinAdventureTest", "SwinAdventureTest\SwinAdventureTest.csproj", "{86AC22E6-C21D-4F3F-AF77-1175D6E80FBE}"
EndProject
Global
	GlobalSection(SolutionConfigurationPlatforms) = preSolution
		Debug|Any CPU = Debug|Any CPU
		Release|Any CPU = Release|Any CPU
	EndGlobalSection
	GlobalSection(SolutionProperties) = preSolution
		HideSolutionNode = FALSE
	EndGlobalSection
	GlobalSection(ProjectConfigurationPlatforms) = postSolution
		{C9E270F0-0FEB-4588-90F0-1C894E7F2EB1}.Debug|Any CPU.ActiveCfg = Debug|Any CPU
		{C9E270F0-0FEB-4588-90F0-1C894E7F2EB1}.Debug|Any CPU.Build.0 = Debug|Any CPU
		{C9E270F0-0FEB-4588-90F0-1C894E7F2EB1}.Release|Any CPU.ActiveCfg = Release|Any CPU
		{C9E270F0-0FEB-4588-90F0-1C894E7F2EB1}.Release|Any CPU.Build.0 = Release|Any CPU
		{86AC22E6-C21D-4F3F-AF77-1175D6E80FBE}.Debug|Any CPU.ActiveCfg = Debug|Any CPU
		{86AC22E6-C21D-4F3F-AF77-1175D6E80FBE}.Debug|Any CPU.Build.0 = Debug|Any CPU
		{86AC22E6-C21D-4F3F-AF77-1175D6E80FBE}.Release|Any CPU.ActiveCfg = Release|Any CPU
		{86AC22E6-C21D-4F3F-AF77-1175D6E80FBE}.Release|Any CPU.Build.0 = Release|Any CPU
	EndGlobalSection
EndGlobal
