
Microsoft Visual Studio Solution File, Format Version 12.00
# Visual Studio Version 17
VisualStudioVersion = 17.0.31903.59
MinimumVisualStudioVersion = 10.0.40219.1
Project("{FAE04EC0-301F-11D3-BF4B-00C04F79EFBC}") = "SwinAdventure", "SwinAdventure\SwinAdventure.csproj", "{6223E2A9-4F18-4E97-8556-683FDA770C8D}"
EndProject
Project("{FAE04EC0-301F-11D3-BF4B-00C04F79EFBC}") = "SwinAdventureTest", "SwinAdventureTest\SwinAdventureTest.csproj", "{C32F603D-CB6E-4C9C-8EBD-643EB5AB1149}"
EndProject
Global
	GlobalSection(SolutionConfigurationPlatforms) = preSolution
		Debug|Any CPU = Debug|Any CPU
		Release|Any CPU = Release|Any CPU
	EndGlobalSection
	GlobalSection(SolutionProperties) = preSolution
		HideSolutionNode = FALSE
	EndGlobalSection
	GlobalSection(ProjectConfigurationPlatforms) = postSolution
		{6223E2A9-4F18-4E97-8556-683FDA770C8D}.Debug|Any CPU.ActiveCfg = Debug|Any CPU
		{6223E2A9-4F18-4E97-8556-683FDA770C8D}.Debug|Any CPU.Build.0 = Debug|Any CPU
		{6223E2A9-4F18-4E97-8556-683FDA770C8D}.Release|Any CPU.ActiveCfg = Release|Any CPU
		{6223E2A9-4F18-4E97-8556-683FDA770C8D}.Release|Any CPU.Build.0 = Release|Any CPU
		{C32F603D-CB6E-4C9C-8EBD-643EB5AB1149}.Debug|Any CPU.ActiveCfg = Debug|Any CPU
		{C32F603D-CB6E-4C9C-8EBD-643EB5AB1149}.Debug|Any CPU.Build.0 = Debug|Any CPU
		{C32F603D-CB6E-4C9C-8EBD-643EB5AB1149}.Release|Any CPU.ActiveCfg = Release|Any CPU
		{C32F603D-CB6E-4C9C-8EBD-643EB5AB1149}.Release|Any CPU.Build.0 = Release|Any CPU
	EndGlobalSection
EndGlobal
